
Microsoft Visual Studio Solution File, Format Version 12.00
# Visual Studio Version 17
VisualStudioVersion = 17.10.35004.147
MinimumVisualStudioVersion = 10.0.40219.1
Project("{9A19103F-16F7-4668-BE54-9A1E7A4F7556}") = "Quartermaster.Data", "Quartermaster.Data\Quartermaster.Data.csproj", "{0796D46E-0CF3-4B92-9010-9653FF5D70AE}"
EndProject
Project("{9A19103F-16F7-4668-BE54-9A1E7A4F7556}") = "Quartermaster.Server", "Quartermaster.Server\Quartermaster.Server.csproj", "{6010190B-B555-447A-AB71-71C7F3EE5090}"
EndProject
Project("{9A19103F-16F7-4668-BE54-9A1E7A4F7556}") = "Quartermaster.Api", "Quartermaster.Api\Quartermaster.Api.csproj", "{17F1D896-3BEB-429C-B106-615F92B217DF}"
EndProject
Project("{2150E333-8FDC-42A3-9474-1A3956D46DE8}") = "Solution Items", "Solution Items", "{B1A613DC-0018-48F5-9D5A-A716089328BC}"
	ProjectSection(SolutionItems) = preProject
		.editorconfig = .editorconfig
	EndProjectSection
EndProject
Project("{FAE04EC0-301F-11D3-BF4B-00C04F79EFBC}") = "Quartermaster.Blazor", "Quartermaster.Blazor\Quartermaster.Blazor.csproj", "{A8A2DD02-4CA3-4BEC-B999-2D66B6C3A4FB}"
EndProject
Global
	GlobalSection(SolutionConfigurationPlatforms) = preSolution
		Debug|Any CPU = Debug|Any CPU
		Release|Any CPU = Release|Any CPU
	EndGlobalSection
	GlobalSection(ProjectConfigurationPlatforms) = postSolution
		{0796D46E-0CF3-4B92-9010-9653FF5D70AE}.Debug|Any CPU.ActiveCfg = Debug|Any CPU
		{0796D46E-0CF3-4B92-9010-9653FF5D70AE}.Debug|Any CPU.Build.0 = Debug|Any CPU
		{0796D46E-0CF3-4B92-9010-9653FF5D70AE}.Release|Any CPU.ActiveCfg = Release|Any CPU
		{0796D46E-0CF3-4B92-9010-9653FF5D70AE}.Release|Any CPU.Build.0 = Release|Any CPU
		{6010190B-B555-447A-AB71-71C7F3EE5090}.Debug|Any CPU.ActiveCfg = Debug|Any CPU
		{6010190B-B555-447A-AB71-71C7F3EE5090}.Debug|Any CPU.Build.0 = Debug|Any CPU
		{6010190B-B555-447A-AB71-71C7F3EE5090}.Release|Any CPU.ActiveCfg = Release|Any CPU
		{6010190B-B555-447A-AB71-71C7F3EE5090}.Release|Any CPU.Build.0 = Release|Any CPU
		{17F1D896-3BEB-429C-B106-615F92B217DF}.Debug|Any CPU.ActiveCfg = Debug|Any CPU
		{17F1D896-3BEB-429C-B106-615F92B217DF}.Debug|Any CPU.Build.0 = Debug|Any CPU
		{17F1D896-3BEB-429C-B106-615F92B217DF}.Release|Any CPU.ActiveCfg = Release|Any CPU
		{17F1D896-3BEB-429C-B106-615F92B217DF}.Release|Any CPU.Build.0 = Release|Any CPU
		{A8A2DD02-4CA3-4BEC-B999-2D66B6C3A4FB}.Debug|Any CPU.ActiveCfg = Debug|Any CPU
		{A8A2DD02-4CA3-4BEC-B999-2D66B6C3A4FB}.Debug|Any CPU.Build.0 = Debug|Any CPU
		{A8A2DD02-4CA3-4BEC-B999-2D66B6C3A4FB}.Release|Any CPU.ActiveCfg = Release|Any CPU
		{A8A2DD02-4CA3-4BEC-B999-2D66B6C3A4FB}.Release|Any CPU.Build.0 = Release|Any CPU
	EndGlobalSection
	GlobalSection(SolutionProperties) = preSolution
		HideSolutionNode = FALSE
	EndGlobalSection
	GlobalSection(ExtensibilityGlobals) = postSolution
		SolutionGuid = {8D8C8F9D-A9E4-4383-A920-70AAAD63D739}
	EndGlobalSection
EndGlobal
